
Microsoft Visual Studio Solution File, Format Version 12.00
# Visual Studio Version 17
VisualStudioVersion = 17.8.34309.116
MinimumVisualStudioVersion = 10.0.40219.1
Project("{8BC9CEB8-8B4A-11D0-8D11-00A0C91BC942}") = "双指针", "双指针.vcxproj", "{FBF59F9A-AE0C-42D9-9EDF-305780CC8FF2}"
EndProject
Global
	GlobalSection(SolutionConfigurationPlatforms) = preSolution
		Debug|x64 = Debug|x64
		Debug|x86 = Debug|x86
		Release|x64 = Release|x64
		Release|x86 = Release|x86
	EndGlobalSection
	GlobalSection(ProjectConfigurationPlatforms) = postSolution
		{FBF59F9A-AE0C-42D9-9EDF-305780CC8FF2}.Debug|x64.ActiveCfg = Debug|x64
		{FBF59F9A-AE0C-42D9-9EDF-305780CC8FF2}.Debug|x64.Build.0 = Debug|x64
		{FBF59F9A-AE0C-42D9-9EDF-305780CC8FF2}.Debug|x86.ActiveCfg = Debug|Win32
		{FBF59F9A-AE0C-42D9-9EDF-305780CC8FF2}.Debug|x86.Build.0 = Debug|Win32
		{FBF59F9A-AE0C-42D9-9EDF-305780CC8FF2}.Release|x64.ActiveCfg = Release|x64
		{FBF59F9A-AE0C-42D9-9EDF-305780CC8FF2}.Release|x64.Build.0 = Release|x64
		{FBF59F9A-AE0C-42D9-9EDF-305780CC8FF2}.Release|x86.ActiveCfg = Release|Win32
		{FBF59F9A-AE0C-42D9-9EDF-305780CC8FF2}.Release|x86.Build.0 = Release|Win32
	EndGlobalSection
	GlobalSection(SolutionProperties) = preSolution
		HideSolutionNode = FALSE
	EndGlobalSection
	GlobalSection(ExtensibilityGlobals) = postSolution
		SolutionGuid = {4D9BC0C8-8776-4175-BC27-F519CBA6115D}
	EndGlobalSection
EndGlobal
